
Microsoft Visual Studio Solution File, Format Version 12.00
# Visual Studio Version 17
VisualStudioVersion = 17.4.33205.214
MinimumVisualStudioVersion = 10.0.40219.1
Project("{888888A0-9F3D-457C-B088-3A5042F75D52}") = "01112023", "01112023\01112023.pyproj", "{0AEDB17D-8F85-4EF9-9B59-29F2C3D328A9}"
EndProject
Project("{888888A0-9F3D-457C-B088-3A5042F75D52}") = "01092023", "01092023\01092023.pyproj", "{A87DDDAC-0EF3-4853-B353-0523A8B93224}"
EndProject
Global
	GlobalSection(SolutionConfigurationPlatforms) = preSolution
		Debug|Any CPU = Debug|Any CPU
		Release|Any CPU = Release|Any CPU
	EndGlobalSection
	GlobalSection(ProjectConfigurationPlatforms) = postSolution
		{0AEDB17D-8F85-4EF9-9B59-29F2C3D328A9}.Debug|Any CPU.ActiveCfg = Debug|Any CPU
		{0AEDB17D-8F85-4EF9-9B59-29F2C3D328A9}.Release|Any CPU.ActiveCfg = Release|Any CPU
		{A87DDDAC-0EF3-4853-B353-0523A8B93224}.Debug|Any CPU.ActiveCfg = Debug|Any CPU
		{A87DDDAC-0EF3-4853-B353-0523A8B93224}.Release|Any CPU.ActiveCfg = Release|Any CPU
	EndGlobalSection
	GlobalSection(SolutionProperties) = preSolution
		HideSolutionNode = FALSE
	EndGlobalSection
	GlobalSection(ExtensibilityGlobals) = postSolution
		SolutionGuid = {2D979FF9-9259-44B1-84E6-2251485FCB7A}
	EndGlobalSection
EndGlobal
